{
  "nodes": {
    "darwin": {
      "inputs": {
        "nixpkgs": [
          "nixpkgs"
        ]
      },
      "locked": {
        "lastModified": 1781761792,
        "narHash": "sha256-rCPytmKNjctLloB6UgK5CRrHSwV4b0ygxtJLPPp8R14=",
        "owner": "LnL7",
        "repo": "nix-darwin",
        "rev": "a1fa429e945becaf60468600daf649be4ba0350c",
        "type": "github"
      },
      "original": {
        "owner": "LnL7",
        "ref": "master",
        "repo": "nix-darwin",
        "type": "github"
      }
    },
    "home-manager": {
      "inputs": {
        "nixpkgs": [
          "nixpkgs"
        ]
      },
      "locked": {
        "lastModified": 1782233665,
        "narHash": "sha256-h/xOtrByoA/Ak1lWHn0O1lVZz4qWYbwOSLQ8YSwQO0I=",
        "owner": "nix-community",
        "repo": "home-manager",
        "rev": "062581938b4a378a82dfbb294b494808157153a1",
        "type": "github"
      },
      "original": {
        "owner": "nix-community",
        "repo": "home-manager",
        "type": "github"
      }
    },
    "neovim-custom": {
      "inputs": {
        "nixpkgs": [
          "nixpkgs"
        ]
      },
      "locked": {
        "lastModified": 1,
        "narHash": "sha256-GvlP5PUL5iCRQ9c+iTjyXa7I6UfT0w1BCB/EZl7dIF4=",
        "path": "modules/neovim",
        "type": "path"
      },
      "original": {
        "path": "modules/neovim",
        "type": "path"
      }
    },
    "nixpkgs": {
      "locked": {
        "lastModified": 1782118813,
        "narHash": "sha256-BnbXO5s5EhV89lLXMAGCzPdEN5a6vNqvMk71obeTEUw=",
        "owner": "NixOS",
        "repo": "nixpkgs",
        "rev": "b3c092d3c36d91e2f61f3dfb39a159f180a56659",
        "type": "github"
      },
      "original": {
        "owner": "NixOS",
        "ref": "nixpkgs-unstable",
        "repo": "nixpkgs",
        "type": "github"
      }
    },
    "root": {
      "inputs": {
        "darwin": "darwin",
        "home-manager": "home-manager",
        "neovim-custom": "neovim-custom",
        "nixpkgs": "nixpkgs"
      }
    }
  },
  "root": "root",
  "version": 7
}
