{
  "nodes": {
    "darwin": {
      "inputs": {
        "nixpkgs": [
          "nixpkgs"
        ]
      },
      "locked": {
        "lastModified": 1667419884,
        "narHash": "sha256-oLNw87ZI5NxTMlNQBv1wG2N27CUzo9admaFlnmavpiY=",
        "owner": "LnL7",
        "repo": "nix-darwin",
        "rev": "cfc0125eafadc9569d3d6a16ee928375b77e3100",
        "type": "github"
      },
      "original": {
        "owner": "LnL7",
        "ref": "master",
        "repo": "nix-darwin",
        "type": "github"
      }
    },
    "home-manager": {
      "inputs": {
        "nixpkgs": [
          "nixpkgs"
        ],
        "utils": "utils"
      },
      "locked": {
        "lastModified": 1667898954,
        "narHash": "sha256-VqHVeoxcOl9M6yQ+LV3yTWMb0h5Rl5yixn9PCY/MJJo=",
        "owner": "nix-community",
        "repo": "home-manager",
        "rev": "d20e3d070c78271356a2d5d73c01f1de94586087",
        "type": "github"
      },
      "original": {
        "owner": "nix-community",
        "repo": "home-manager",
        "type": "github"
      }
    },
    "neovim-custom": {
      "inputs": {
        "nixpkgs": [
          "nixpkgs"
        ]
      },
      "locked": {
        "lastModified": 1,
        "narHash": "sha256-+flbnB3Pe2+6lAJ+nxbh7aqoZFMQ+30u+z3+BiUAvh8=",
        "path": "./modules/neovim",
        "type": "path"
      },
      "original": {
        "path": "./modules/neovim",
        "type": "path"
      }
    },
    "nixpkgs": {
      "locked": {
        "lastModified": 1667879206,
        "narHash": "sha256-fHiB8mIUotFpbvugTJ9ImYJ6q0ry2QVFHYox6YRHHaE=",
        "owner": "NixOS",
        "repo": "nixpkgs",
        "rev": "295778ad21806918c16176164497f2793e2133f4",
        "type": "github"
      },
      "original": {
        "owner": "NixOS",
        "ref": "nixpkgs-unstable",
        "repo": "nixpkgs",
        "type": "github"
      }
    },
    "root": {
      "inputs": {
        "darwin": "darwin",
        "home-manager": "home-manager",
        "neovim-custom": "neovim-custom",
        "nixpkgs": "nixpkgs"
      }
    },
    "utils": {
      "locked": {
        "lastModified": 1667395993,
        "narHash": "sha256-nuEHfE/LcWyuSWnS8t12N1wc105Qtau+/OdUAjtQ0rA=",
        "owner": "numtide",
        "repo": "flake-utils",
        "rev": "5aed5285a952e0b949eb3ba02c12fa4fcfef535f",
        "type": "github"
      },
      "original": {
        "owner": "numtide",
        "repo": "flake-utils",
        "type": "github"
      }
    }
  },
  "root": "root",
  "version": 7
}
