{
  "nodes": {
    "nixpkgs": {
      "locked": {
        "lastModified": 1658488514,
        "narHash": "sha256-Pq8wEtnvESwbqICYZ4Sf2x6B89Ry5Iw3daP7IRTTfWw=",
        "owner": "NixOS",
        "repo": "nixpkgs",
        "rev": "75feaefc59ead1d5ecf5f993050c0d52c08cb9ce",
        "type": "github"
      },
      "original": {
        "owner": "NixOS",
        "ref": "nixpkgs-unstable",
        "repo": "nixpkgs",
        "type": "github"
      }
    },
    "root": {
      "inputs": {
        "nixpkgs": "nixpkgs"
      }
    }
  },
  "root": "root",
  "version": 7
}
