{
  "nodes": {
    "nixpkgs": {
      "locked": {
        "lastModified": 1660464579,
        "narHash": "sha256-kzA9rwh0wS6CwUnFHAQ7dhJCowMPfRbvixVeOKnUmjo=",
        "owner": "NixOS",
        "repo": "nixpkgs",
        "rev": "b02538b16f6c5e1dbfce1033b27946e25c019b3b",
        "type": "github"
      },
      "original": {
        "owner": "NixOS",
        "ref": "nixpkgs-unstable",
        "repo": "nixpkgs",
        "type": "github"
      }
    },
    "root": {
      "inputs": {
        "nixpkgs": "nixpkgs"
      }
    }
  },
  "root": "root",
  "version": 7
}
